// !$*UTF8*$!
{
	archiveVersion = 1;
	classes = {
	};
	objectVersion = 51;
	objects = {

/* Begin PBXBuildFile section */
		24F06CED0AC1F467867BFDF9 /* Pods_WolverineEventsTests.framework in Frameworks */ = {isa = PBXBuildFile; fileRef = 2D11A29813540C9B4F404054 /* Pods_WolverineEventsTests.framework */; };
		59ABFF0555CFF1EB968ACDAA /* Pods_WolverineEvents.framework in Frameworks */ = {isa = PBXBuildFile; fileRef = 4BDB86A792A4404F61AF2F3B /* Pods_WolverineEvents.framework */; };
		80A9BA0A9D2F63B87249A994 /* Pods_WolverineEventsUITests.framework in Frameworks */ = {isa = PBXBuildFile; fileRef = 2B1DD56E5D85CDC0EEF7D7A8 /* Pods_WolverineEventsUITests.framework */; };
		AA2DCBB422EECC3B00F20D44 /* clubdb.sql in Resources */ = {isa = PBXBuildFile; fileRef = AA2DCBB322EECC3A00F20D44 /* clubdb.sql */; };
		AA5522E222F7B9800095EA1F /* subscriptions.graphql in Resources */ = {isa = PBXBuildFile; fileRef = AA5522DF22F7B9800095EA1F /* subscriptions.graphql */; };
		AA5522E322F7B9800095EA1F /* mutations.graphql in Resources */ = {isa = PBXBuildFile; fileRef = AA5522E022F7B9800095EA1F /* mutations.graphql */; };
		AA5522E422F7B9800095EA1F /* schema.json in Resources */ = {isa = PBXBuildFile; fileRef = AA5522E122F7B9800095EA1F /* schema.json */; };
		AA5522E622F7B9E90095EA1F /* queries.graphql in Resources */ = {isa = PBXBuildFile; fileRef = AA5522E522F7B9E90095EA1F /* queries.graphql */; };
		AA62E23822F7A99A003188C1 /* awsconfiguration.json in Resources */ = {isa = PBXBuildFile; fileRef = AA62E23722F7A99A003188C1 /* awsconfiguration.json */; };
		AA62E23A22F7AF22003188C1 /* API.swift in Sources */ = {isa = PBXBuildFile; fileRef = AA62E23922F7AF22003188C1 /* API.swift */; };
		AA80542522D9DAE800B47B05 /* sampledb.sql in Resources */ = {isa = PBXBuildFile; fileRef = AA80542422D9DAE800B47B05 /* sampledb.sql */; };
		AAA4652622E9818A00AC0340 /* MakeAccountViewController.swift in Sources */ = {isa = PBXBuildFile; fileRef = AAA4652522E9818A00AC0340 /* MakeAccountViewController.swift */; };
		AAA85DBC22FA8A4B00E12EFA /* schema.graphql in Resources */ = {isa = PBXBuildFile; fileRef = AAA85DBB22FA8A4B00E12EFA /* schema.graphql */; };
		AAB4475222F2C100001DE39C /* CreateEventViewController.swift in Sources */ = {isa = PBXBuildFile; fileRef = AAB4475122F2C100001DE39C /* CreateEventViewController.swift */; };
		AADDA1C722E6DD32005B541D /* CryptoSwift in Frameworks */ = {isa = PBXBuildFile; fileRef = AADDA1C622E6DD32005B541D /* CryptoSwift */; };
		AAECE6F922D44C06008F98FF /* libsqlite3.tbd in Frameworks */ = {isa = PBXBuildFile; fileRef = AAECE6F822D44C06008F98FF /* libsqlite3.tbd */; };
		AAECE6FC22D45620008F98FF /* DBManager.m in Sources */ = {isa = PBXBuildFile; fileRef = AAECE6FB22D45620008F98FF /* DBManager.m */; };
		AAEFEC7022C3377E00344CCB /* LoginViewController.swift in Sources */ = {isa = PBXBuildFile; fileRef = AAEFEC6F22C3377E00344CCB /* LoginViewController.swift */; };
		AAF0365022BF4C92007D0CE2 /* AppDelegate.swift in Sources */ = {isa = PBXBuildFile; fileRef = AAF0364F22BF4C92007D0CE2 /* AppDelegate.swift */; };
		AAF0365222BF4C92007D0CE2 /* ViewController.swift in Sources */ = {isa = PBXBuildFile; fileRef = AAF0365122BF4C92007D0CE2 /* ViewController.swift */; };
		AAF0365522BF4C92007D0CE2 /* Main.storyboard in Resources */ = {isa = PBXBuildFile; fileRef = AAF0365322BF4C92007D0CE2 /* Main.storyboard */; };
		AAF0365722BF4C96007D0CE2 /* Assets.xcassets in Resources */ = {isa = PBXBuildFile; fileRef = AAF0365622BF4C96007D0CE2 /* Assets.xcassets */; };
		AAF0365A22BF4C96007D0CE2 /* LaunchScreen.storyboard in Resources */ = {isa = PBXBuildFile; fileRef = AAF0365822BF4C96007D0CE2 /* LaunchScreen.storyboard */; };
		AAF0366522BF4C97007D0CE2 /* WolverineEventsTests.swift in Sources */ = {isa = PBXBuildFile; fileRef = AAF0366422BF4C97007D0CE2 /* WolverineEventsTests.swift */; };
		AAF0367022BF4C97007D0CE2 /* WolverineEventsUITests.swift in Sources */ = {isa = PBXBuildFile; fileRef = AAF0366F22BF4C97007D0CE2 /* WolverineEventsUITests.swift */; };
/* End PBXBuildFile section */

/* Begin PBXContainerItemProxy section */
		AA20666A22E5919500A30D15 /* PBXContainerItemProxy */ = {
			isa = PBXContainerItemProxy;
			containerPortal = AA20666222E5919500A30D15 /* CryptoSwift.xcodeproj */;
			proxyType = 2;
			remoteGlobalIDString = 754BE45519693E190098E6F3;
			remoteInfo = CryptoSwift;
		};
		AA20666C22E5919500A30D15 /* PBXContainerItemProxy */ = {
			isa = PBXContainerItemProxy;
			containerPortal = AA20666222E5919500A30D15 /* CryptoSwift.xcodeproj */;
			proxyType = 2;
			remoteGlobalIDString = 75211F92207249D8004E41F8;
			remoteInfo = "CryptoSwift-TestHostApp";
		};
		AA20666E22E5919500A30D15 /* PBXContainerItemProxy */ = {
			isa = PBXContainerItemProxy;
			containerPortal = AA20666222E5919500A30D15 /* CryptoSwift.xcodeproj */;
			proxyType = 2;
			remoteGlobalIDString = 754BE46019693E190098E6F3;
			remoteInfo = Tests;
		};
		AA20667022E5919500A30D15 /* PBXContainerItemProxy */ = {
			isa = PBXContainerItemProxy;
			containerPortal = AA20666222E5919500A30D15 /* CryptoSwift.xcodeproj */;
			proxyType = 2;
			remoteGlobalIDString = 7595C14A2072E48C00EA1A5F;
			remoteInfo = "TestsPerformance-Mac";
		};
		AA20667222E5919500A30D15 /* PBXContainerItemProxy */ = {
			isa = PBXContainerItemProxy;
			containerPortal = AA20666222E5919500A30D15 /* CryptoSwift.xcodeproj */;
			proxyType = 2;
			remoteGlobalIDString = 7564F0602072EAEB00CA5A96;
			remoteInfo = "TestsPerformance-iOS";
		};
		AA20667522E591A300A30D15 /* PBXContainerItemProxy */ = {
			isa = PBXContainerItemProxy;
			containerPortal = AA20666222E5919500A30D15 /* CryptoSwift.xcodeproj */;
			proxyType = 1;
			remoteGlobalIDString = 754BE45419693E190098E6F3;
			remoteInfo = CryptoSwift;
		};
		AAF0366122BF4C97007D0CE2 /* PBXContainerItemProxy */ = {
			isa = PBXContainerItemProxy;
			containerPortal = AAF0364422BF4C92007D0CE2 /* Project object */;
			proxyType = 1;
			remoteGlobalIDString = AAF0364B22BF4C92007D0CE2;
			remoteInfo = WolverineEvents;
		};
		AAF0366C22BF4C97007D0CE2 /* PBXContainerItemProxy */ = {
			isa = PBXContainerItemProxy;
			containerPortal = AAF0364422BF4C92007D0CE2 /* Project object */;
			proxyType = 1;
			remoteGlobalIDString = AAF0364B22BF4C92007D0CE2;
			remoteInfo = WolverineEvents;
		};
/* End PBXContainerItemProxy section */

/* Begin PBXFileReference section */
		241B09F3CFC33A1F3F28E0E2 /* Pods-WolverineEventsUITests.release.xcconfig */ = {isa = PBXFileReference; includeInIndex = 1; lastKnownFileType = text.xcconfig; name = "Pods-WolverineEventsUITests.release.xcconfig"; path = "Target Support Files/Pods-WolverineEventsUITests/Pods-WolverineEventsUITests.release.xcconfig"; sourceTree = "<group>"; };
		2B1DD56E5D85CDC0EEF7D7A8 /* Pods_WolverineEventsUITests.framework */ = {isa = PBXFileReference; explicitFileType = wrapper.framework; includeInIndex = 0; path = Pods_WolverineEventsUITests.framework; sourceTree = BUILT_PRODUCTS_DIR; };
		2D11A29813540C9B4F404054 /* Pods_WolverineEventsTests.framework */ = {isa = PBXFileReference; explicitFileType = wrapper.framework; includeInIndex = 0; path = Pods_WolverineEventsTests.framework; sourceTree = BUILT_PRODUCTS_DIR; };
		416CE8EF8200AB910CB78618 /* Pods-WolverineEvents.release.xcconfig */ = {isa = PBXFileReference; includeInIndex = 1; lastKnownFileType = text.xcconfig; name = "Pods-WolverineEvents.release.xcconfig"; path = "Target Support Files/Pods-WolverineEvents/Pods-WolverineEvents.release.xcconfig"; sourceTree = "<group>"; };
		4B5E10743F6850B83C79646A /* Pods-WolverineEventsTests.release.xcconfig */ = {isa = PBXFileReference; includeInIndex = 1; lastKnownFileType = text.xcconfig; name = "Pods-WolverineEventsTests.release.xcconfig"; path = "Target Support Files/Pods-WolverineEventsTests/Pods-WolverineEventsTests.release.xcconfig"; sourceTree = "<group>"; };
		4BDB86A792A4404F61AF2F3B /* Pods_WolverineEvents.framework */ = {isa = PBXFileReference; explicitFileType = wrapper.framework; includeInIndex = 0; path = Pods_WolverineEvents.framework; sourceTree = BUILT_PRODUCTS_DIR; };
		8CDBE2D4BA9A822B069D0100 /* Pods-WolverineEvents.debug.xcconfig */ = {isa = PBXFileReference; includeInIndex = 1; lastKnownFileType = text.xcconfig; name = "Pods-WolverineEvents.debug.xcconfig"; path = "Target Support Files/Pods-WolverineEvents/Pods-WolverineEvents.debug.xcconfig"; sourceTree = "<group>"; };
		9DF046C94744DB2587103380 /* Pods-WolverineEventsUITests.debug.xcconfig */ = {isa = PBXFileReference; includeInIndex = 1; lastKnownFileType = text.xcconfig; name = "Pods-WolverineEventsUITests.debug.xcconfig"; path = "Target Support Files/Pods-WolverineEventsUITests/Pods-WolverineEventsUITests.debug.xcconfig"; sourceTree = "<group>"; };
		AA20666222E5919500A30D15 /* CryptoSwift.xcodeproj */ = {isa = PBXFileReference; lastKnownFileType = "wrapper.pb-project"; name = CryptoSwift.xcodeproj; path = WolverineEvents/CryptoSwift.xcodeproj; sourceTree = "<group>"; };
		AA2DCBB322EECC3A00F20D44 /* clubdb.sql */ = {isa = PBXFileReference; lastKnownFileType = file; path = clubdb.sql; sourceTree = "<group>"; };
		AA5522DF22F7B9800095EA1F /* subscriptions.graphql */ = {isa = PBXFileReference; fileEncoding = 4; lastKnownFileType = text; path = subscriptions.graphql; sourceTree = "<group>"; };
		AA5522E022F7B9800095EA1F /* mutations.graphql */ = {isa = PBXFileReference; fileEncoding = 4; lastKnownFileType = text; path = mutations.graphql; sourceTree = "<group>"; };
		AA5522E122F7B9800095EA1F /* schema.json */ = {isa = PBXFileReference; fileEncoding = 4; lastKnownFileType = text.json; path = schema.json; sourceTree = "<group>"; };
		AA5522E522F7B9E90095EA1F /* queries.graphql */ = {isa = PBXFileReference; fileEncoding = 4; lastKnownFileType = text; path = queries.graphql; sourceTree = SOURCE_ROOT; };
		AA62E23722F7A99A003188C1 /* awsconfiguration.json */ = {isa = PBXFileReference; fileEncoding = 4; lastKnownFileType = text.json; path = awsconfiguration.json; sourceTree = "<group>"; };
		AA62E23922F7AF22003188C1 /* API.swift */ = {isa = PBXFileReference; fileEncoding = 4; lastKnownFileType = sourcecode.swift; path = API.swift; sourceTree = "<group>"; };
		AA80542422D9DAE800B47B05 /* sampledb.sql */ = {isa = PBXFileReference; lastKnownFileType = file; path = sampledb.sql; sourceTree = "<group>"; };
		AAA4652522E9818A00AC0340 /* MakeAccountViewController.swift */ = {isa = PBXFileReference; lastKnownFileType = sourcecode.swift; path = MakeAccountViewController.swift; sourceTree = "<group>"; };
		AAA85DBB22FA8A4B00E12EFA /* schema.graphql */ = {isa = PBXFileReference; fileEncoding = 4; lastKnownFileType = text; name = schema.graphql; path = amplify/backend/api/arjungraphapi/schema.graphql; sourceTree = SOURCE_ROOT; };
		AAB4475122F2C100001DE39C /* CreateEventViewController.swift */ = {isa = PBXFileReference; lastKnownFileType = sourcecode.swift; path = CreateEventViewController.swift; sourceTree = "<group>"; };
		AADDA1C222E6DAF4005B541D /* README.md */ = {isa = PBXFileReference; lastKnownFileType = net.daringfireball.markdown; name = README.md; path = WolverineEvents/CryptoSwift/README.md; sourceTree = "<group>"; };
		AADDA1C422E6DD24005B541D /* config */ = {isa = PBXFileReference; lastKnownFileType = folder; name = config; path = ../CryptoSwift/config; sourceTree = "<group>"; };
		AADDA1C622E6DD32005B541D /* CryptoSwift */ = {isa = PBXFileReference; lastKnownFileType = folder; name = CryptoSwift; path = ../CryptoSwift; sourceTree = "<group>"; };
		AAECE6F822D44C06008F98FF /* libsqlite3.tbd */ = {isa = PBXFileReference; lastKnownFileType = "sourcecode.text-based-dylib-definition"; name = libsqlite3.tbd; path = usr/lib/libsqlite3.tbd; sourceTree = SDKROOT; };
		AAECE6FA22D45620008F98FF /* WolverineEvents-Bridging-Header.h */ = {isa = PBXFileReference; lastKnownFileType = sourcecode.c.h; path = "WolverineEvents-Bridging-Header.h"; sourceTree = "<group>"; };
		AAECE6FB22D45620008F98FF /* DBManager.m */ = {isa = PBXFileReference; lastKnownFileType = sourcecode.c.objc; path = DBManager.m; sourceTree = "<group>"; };
		AAECE6FD22D4574A008F98FF /* DBManager.h */ = {isa = PBXFileReference; lastKnownFileType = sourcecode.c.h; path = DBManager.h; sourceTree = "<group>"; };
		AAEFEC6F22C3377E00344CCB /* LoginViewController.swift */ = {isa = PBXFileReference; lastKnownFileType = sourcecode.swift; path = LoginViewController.swift; sourceTree = "<group>"; };
		AAF0364C22BF4C92007D0CE2 /* WolverineEvents.app */ = {isa = PBXFileReference; explicitFileType = wrapper.application; includeInIndex = 0; path = WolverineEvents.app; sourceTree = BUILT_PRODUCTS_DIR; };
		AAF0364F22BF4C92007D0CE2 /* AppDelegate.swift */ = {isa = PBXFileReference; lastKnownFileType = sourcecode.swift; path = AppDelegate.swift; sourceTree = "<group>"; };
		AAF0365122BF4C92007D0CE2 /* ViewController.swift */ = {isa = PBXFileReference; lastKnownFileType = sourcecode.swift; path = ViewController.swift; sourceTree = "<group>"; };
		AAF0365422BF4C92007D0CE2 /* Base */ = {isa = PBXFileReference; lastKnownFileType = file.storyboard; name = Base; path = Base.lproj/Main.storyboard; sourceTree = "<group>"; };
		AAF0365622BF4C96007D0CE2 /* Assets.xcassets */ = {isa = PBXFileReference; lastKnownFileType = folder.assetcatalog; path = Assets.xcassets; sourceTree = "<group>"; };
		AAF0365922BF4C96007D0CE2 /* Base */ = {isa = PBXFileReference; lastKnownFileType = file.storyboard; name = Base; path = Base.lproj/LaunchScreen.storyboard; sourceTree = "<group>"; };
		AAF0365B22BF4C96007D0CE2 /* Info.plist */ = {isa = PBXFileReference; lastKnownFileType = text.plist.xml; path = Info.plist; sourceTree = "<group>"; };
		AAF0366022BF4C97007D0CE2 /* WolverineEventsTests.xctest */ = {isa = PBXFileReference; explicitFileType = wrapper.cfbundle; includeInIndex = 0; path = WolverineEventsTests.xctest; sourceTree = BUILT_PRODUCTS_DIR; };
		AAF0366422BF4C97007D0CE2 /* WolverineEventsTests.swift */ = {isa = PBXFileReference; lastKnownFileType = sourcecode.swift; path = WolverineEventsTests.swift; sourceTree = "<group>"; };
		AAF0366622BF4C97007D0CE2 /* Info.plist */ = {isa = PBXFileReference; lastKnownFileType = text.plist.xml; path = Info.plist; sourceTree = "<group>"; };
		AAF0366B22BF4C97007D0CE2 /* WolverineEventsUITests.xctest */ = {isa = PBXFileReference; explicitFileType = wrapper.cfbundle; includeInIndex = 0; path = WolverineEventsUITests.xctest; sourceTree = BUILT_PRODUCTS_DIR; };
		AAF0366F22BF4C97007D0CE2 /* WolverineEventsUITests.swift */ = {isa = PBXFileReference; lastKnownFileType = sourcecode.swift; path = WolverineEventsUITests.swift; sourceTree = "<group>"; };
		AAF0367122BF4C97007D0CE2 /* Info.plist */ = {isa = PBXFileReference; lastKnownFileType = text.plist.xml; path = Info.plist; sourceTree = "<group>"; };
		C1EBBFC8266A243196B1DA6C /* Pods-WolverineEventsTests.debug.xcconfig */ = {isa = PBXFileReference; includeInIndex = 1; lastKnownFileType = text.xcconfig; name = "Pods-WolverineEventsTests.debug.xcconfig"; path = "Target Support Files/Pods-WolverineEventsTests/Pods-WolverineEventsTests.debug.xcconfig"; sourceTree = "<group>"; };
/* End PBXFileReference section */

/* Begin PBXFrameworksBuildPhase section */
		AAF0364922BF4C92007D0CE2 /* Frameworks */ = {
			isa = PBXFrameworksBuildPhase;
			buildActionMask = 2147483647;
			files = (
				AAECE6F922D44C06008F98FF /* libsqlite3.tbd in Frameworks */,
				59ABFF0555CFF1EB968ACDAA /* Pods_WolverineEvents.framework in Frameworks */,
			);
			runOnlyForDeploymentPostprocessing = 0;
		};
		AAF0365D22BF4C97007D0CE2 /* Frameworks */ = {
			isa = PBXFrameworksBuildPhase;
			buildActionMask = 2147483647;
			files = (
				AADDA1C722E6DD32005B541D /* CryptoSwift in Frameworks */,
				24F06CED0AC1F467867BFDF9 /* Pods_WolverineEventsTests.framework in Frameworks */,
			);
			runOnlyForDeploymentPostprocessing = 0;
		};
		AAF0366822BF4C97007D0CE2 /* Frameworks */ = {
			isa = PBXFrameworksBuildPhase;
			buildActionMask = 2147483647;
			files = (
				80A9BA0A9D2F63B87249A994 /* Pods_WolverineEventsUITests.framework in Frameworks */,
			);
			runOnlyForDeploymentPostprocessing = 0;
		};
/* End PBXFrameworksBuildPhase section */

/* Begin PBXGroup section */
		AA20666322E5919500A30D15 /* Products */ = {
			isa = PBXGroup;
			children = (
				AA20666B22E5919500A30D15 /* CryptoSwift.framework */,
				AA20666D22E5919500A30D15 /* CryptoSwift-TestHostApp.app */,
				AA20666F22E5919500A30D15 /* Tests.xctest */,
				AA20667122E5919500A30D15 /* TestsPerformance-Mac.xctest */,
				AA20667322E5919500A30D15 /* TestsPerformance-iOS.xctest */,
			);
			name = Products;
			sourceTree = "<group>";
		};
		AA5522DE22F7B9800095EA1F /* graphql */ = {
			isa = PBXGroup;
			children = (
				AA5522DF22F7B9800095EA1F /* subscriptions.graphql */,
				AA5522E022F7B9800095EA1F /* mutations.graphql */,
				AA5522E522F7B9E90095EA1F /* queries.graphql */,
				AA5522E122F7B9800095EA1F /* schema.json */,
				AAA85DBB22FA8A4B00E12EFA /* schema.graphql */,
			);
			path = graphql;
			sourceTree = "<group>";
		};
		AAECE6F722D44C05008F98FF /* Frameworks */ = {
			isa = PBXGroup;
			children = (
				AADDA1C622E6DD32005B541D /* CryptoSwift */,
				AADDA1C422E6DD24005B541D /* config */,
				AADDA1C222E6DAF4005B541D /* README.md */,
				AA20666222E5919500A30D15 /* CryptoSwift.xcodeproj */,
				AAECE6F822D44C06008F98FF /* libsqlite3.tbd */,
				4BDB86A792A4404F61AF2F3B /* Pods_WolverineEvents.framework */,
				2D11A29813540C9B4F404054 /* Pods_WolverineEventsTests.framework */,
				2B1DD56E5D85CDC0EEF7D7A8 /* Pods_WolverineEventsUITests.framework */,
			);
			name = Frameworks;
			sourceTree = "<group>";
		};
		AAF0364322BF4C92007D0CE2 = {
			isa = PBXGroup;
			children = (
				AA62E23922F7AF22003188C1 /* API.swift */,
				AA5522DE22F7B9800095EA1F /* graphql */,
				AA62E23722F7A99A003188C1 /* awsconfiguration.json */,
				AA2DCBB322EECC3A00F20D44 /* clubdb.sql */,
				AAECE6FB22D45620008F98FF /* DBManager.m */,
				AA80542422D9DAE800B47B05 /* sampledb.sql */,
				AAF0364E22BF4C92007D0CE2 /* WolverineEvents */,
				AAF0366322BF4C97007D0CE2 /* WolverineEventsTests */,
				AAF0366E22BF4C97007D0CE2 /* WolverineEventsUITests */,
				AAF0364D22BF4C92007D0CE2 /* Products */,
				AAECE6F722D44C05008F98FF /* Frameworks */,
				AAECE6FA22D45620008F98FF /* WolverineEvents-Bridging-Header.h */,
				AAECE6FD22D4574A008F98FF /* DBManager.h */,
				EFF96CD0B950E3F09B22559C /* Pods */,
			);
			sourceTree = "<group>";
		};
		AAF0364D22BF4C92007D0CE2 /* Products */ = {
			isa = PBXGroup;
			children = (
				AAF0364C22BF4C92007D0CE2 /* WolverineEvents.app */,
				AAF0366022BF4C97007D0CE2 /* WolverineEventsTests.xctest */,
				AAF0366B22BF4C97007D0CE2 /* WolverineEventsUITests.xctest */,
			);
			name = Products;
			sourceTree = "<group>";
		};
		AAF0364E22BF4C92007D0CE2 /* WolverineEvents */ = {
			isa = PBXGroup;
			children = (
				AAF0364F22BF4C92007D0CE2 /* AppDelegate.swift */,
				AAF0365122BF4C92007D0CE2 /* ViewController.swift */,
				AAEFEC6F22C3377E00344CCB /* LoginViewController.swift */,
				AAF0365322BF4C92007D0CE2 /* Main.storyboard */,
				AAF0365622BF4C96007D0CE2 /* Assets.xcassets */,
				AAF0365822BF4C96007D0CE2 /* LaunchScreen.storyboard */,
				AAF0365B22BF4C96007D0CE2 /* Info.plist */,
				AAA4652522E9818A00AC0340 /* MakeAccountViewController.swift */,
				AAB4475122F2C100001DE39C /* CreateEventViewController.swift */,
			);
			path = WolverineEvents;
			sourceTree = "<group>";
		};
		AAF0366322BF4C97007D0CE2 /* WolverineEventsTests */ = {
			isa = PBXGroup;
			children = (
				AAF0366422BF4C97007D0CE2 /* WolverineEventsTests.swift */,
				AAF0366622BF4C97007D0CE2 /* Info.plist */,
			);
			path = WolverineEventsTests;
			sourceTree = "<group>";
		};
		AAF0366E22BF4C97007D0CE2 /* WolverineEventsUITests */ = {
			isa = PBXGroup;
			children = (
				AAF0366F22BF4C97007D0CE2 /* WolverineEventsUITests.swift */,
				AAF0367122BF4C97007D0CE2 /* Info.plist */,
			);
			path = WolverineEventsUITests;
			sourceTree = "<group>";
		};
		EFF96CD0B950E3F09B22559C /* Pods */ = {
			isa = PBXGroup;
			children = (
				8CDBE2D4BA9A822B069D0100 /* Pods-WolverineEvents.debug.xcconfig */,
				416CE8EF8200AB910CB78618 /* Pods-WolverineEvents.release.xcconfig */,
				C1EBBFC8266A243196B1DA6C /* Pods-WolverineEventsTests.debug.xcconfig */,
				4B5E10743F6850B83C79646A /* Pods-WolverineEventsTests.release.xcconfig */,
				9DF046C94744DB2587103380 /* Pods-WolverineEventsUITests.debug.xcconfig */,
				241B09F3CFC33A1F3F28E0E2 /* Pods-WolverineEventsUITests.release.xcconfig */,
			);
			path = Pods;
			sourceTree = "<group>";
		};
/* End PBXGroup section */

/* Begin PBXHeadersBuildPhase section */
		AA20667722E591F300A30D15 /* Headers */ = {
			isa = PBXHeadersBuildPhase;
			buildActionMask = 2147483647;
			files = (
			);
			runOnlyForDeploymentPostprocessing = 0;
		};
/* End PBXHeadersBuildPhase section */

/* Begin PBXNativeTarget section */
		AAF0364B22BF4C92007D0CE2 /* WolverineEvents */ = {
			isa = PBXNativeTarget;
			buildConfigurationList = AAF0367422BF4C97007D0CE2 /* Build configuration list for PBXNativeTarget "WolverineEvents" */;
			buildPhases = (
				91542AF8718C5F13163E44AF /* [CP] Check Pods Manifest.lock */,
				AAF0364822BF4C92007D0CE2 /* Sources */,
				AAF0364922BF4C92007D0CE2 /* Frameworks */,
				AAF0364A22BF4C92007D0CE2 /* Resources */,
				BFD34FBF66236C5D69DA2498 /* [CP] Embed Pods Frameworks */,
			);
			buildRules = (
			);
			dependencies = (
			);
			name = WolverineEvents;
			productName = WolverineEvents;
			productReference = AAF0364C22BF4C92007D0CE2 /* WolverineEvents.app */;
			productType = "com.apple.product-type.application";
		};
		AAF0365F22BF4C97007D0CE2 /* WolverineEventsTests */ = {
			isa = PBXNativeTarget;
			buildConfigurationList = AAF0367722BF4C97007D0CE2 /* Build configuration list for PBXNativeTarget "WolverineEventsTests" */;
			buildPhases = (
				955F051969E6A25716119781 /* [CP] Check Pods Manifest.lock */,
				AA20667722E591F300A30D15 /* Headers */,
				AAF0365C22BF4C97007D0CE2 /* Sources */,
				AAF0365D22BF4C97007D0CE2 /* Frameworks */,
				AAF0365E22BF4C97007D0CE2 /* Resources */,
			);
			buildRules = (
			);
			dependencies = (
				AA20667622E591A300A30D15 /* PBXTargetDependency */,
				AAF0366222BF4C97007D0CE2 /* PBXTargetDependency */,
			);
			name = WolverineEventsTests;
			productName = WolverineEventsTests;
			productReference = AAF0366022BF4C97007D0CE2 /* WolverineEventsTests.xctest */;
			productType = "com.apple.product-type.bundle.unit-test";
		};
		AAF0366A22BF4C97007D0CE2 /* WolverineEventsUITests */ = {
			isa = PBXNativeTarget;
			buildConfigurationList = AAF0367A22BF4C97007D0CE2 /* Build configuration list for PBXNativeTarget "WolverineEventsUITests" */;
			buildPhases = (
				D37F085C6C80C116C7186BAD /* [CP] Check Pods Manifest.lock */,
				AAF0366722BF4C97007D0CE2 /* Sources */,
				AAF0366822BF4C97007D0CE2 /* Frameworks */,
				AAF0366922BF4C97007D0CE2 /* Resources */,
			);
			buildRules = (
			);
			dependencies = (
				AAF0366D22BF4C97007D0CE2 /* PBXTargetDependency */,
			);
			name = WolverineEventsUITests;
			productName = WolverineEventsUITests;
			productReference = AAF0366B22BF4C97007D0CE2 /* WolverineEventsUITests.xctest */;
			productType = "com.apple.product-type.bundle.ui-testing";
		};
/* End PBXNativeTarget section */

/* Begin PBXProject section */
		AAF0364422BF4C92007D0CE2 /* Project object */ = {
			isa = PBXProject;
			attributes = {
				LastSwiftUpdateCheck = 1020;
				LastUpgradeCheck = 1020;
				ORGANIZATIONNAME = "Arjun Lama";
				TargetAttributes = {
					AAF0364B22BF4C92007D0CE2 = {
						CreatedOnToolsVersion = 10.2.1;
						LastSwiftMigration = 1020;
					};
					AAF0365F22BF4C97007D0CE2 = {
						CreatedOnToolsVersion = 10.2.1;
						TestTargetID = AAF0364B22BF4C92007D0CE2;
					};
					AAF0366A22BF4C97007D0CE2 = {
						CreatedOnToolsVersion = 10.2.1;
						TestTargetID = AAF0364B22BF4C92007D0CE2;
					};
				};
			};
			buildConfigurationList = AAF0364722BF4C92007D0CE2 /* Build configuration list for PBXProject "WolverineEvents" */;
			compatibilityVersion = "Xcode 9.3";
			developmentRegion = en;
			hasScannedForEncodings = 0;
			knownRegions = (
				en,
				Base,
			);
			mainGroup = AAF0364322BF4C92007D0CE2;
			productRefGroup = AAF0364D22BF4C92007D0CE2 /* Products */;
			projectDirPath = "";
			projectReferences = (
				{
					ProductGroup = AA20666322E5919500A30D15 /* Products */;
					ProjectRef = AA20666222E5919500A30D15 /* CryptoSwift.xcodeproj */;
				},
			);
			projectRoot = "";
			targets = (
				AAF0364B22BF4C92007D0CE2 /* WolverineEvents */,
				AAF0365F22BF4C97007D0CE2 /* WolverineEventsTests */,
				AAF0366A22BF4C97007D0CE2 /* WolverineEventsUITests */,
			);
		};
/* End PBXProject section */

/* Begin PBXReferenceProxy section */
		AA20666B22E5919500A30D15 /* CryptoSwift.framework */ = {
			isa = PBXReferenceProxy;
			fileType = wrapper.framework;
			name = CryptoSwift.framework;
			path = .framework;
			remoteRef = AA20666A22E5919500A30D15 /* PBXContainerItemProxy */;
			sourceTree = BUILT_PRODUCTS_DIR;
		};
		AA20666D22E5919500A30D15 /* CryptoSwift-TestHostApp.app */ = {
			isa = PBXReferenceProxy;
			fileType = wrapper.application;
			name = "CryptoSwift-TestHostApp.app";
			path = .app;
			remoteRef = AA20666C22E5919500A30D15 /* PBXContainerItemProxy */;
			sourceTree = BUILT_PRODUCTS_DIR;
		};
		AA20666F22E5919500A30D15 /* Tests.xctest */ = {
			isa = PBXReferenceProxy;
			fileType = wrapper.cfbundle;
			name = Tests.xctest;
			path = .xctest;
			remoteRef = AA20666E22E5919500A30D15 /* PBXContainerItemProxy */;
			sourceTree = BUILT_PRODUCTS_DIR;
		};
		AA20667122E5919500A30D15 /* TestsPerformance-Mac.xctest */ = {
			isa = PBXReferenceProxy;
			fileType = wrapper.cfbundle;
			name = "TestsPerformance-Mac.xctest";
			path = .xctest;
			remoteRef = AA20667022E5919500A30D15 /* PBXContainerItemProxy */;
			sourceTree = BUILT_PRODUCTS_DIR;
		};
		AA20667322E5919500A30D15 /* TestsPerformance-iOS.xctest */ = {
			isa = PBXReferenceProxy;
			fileType = wrapper.cfbundle;
			name = "TestsPerformance-iOS.xctest";
			path = .xctest;
			remoteRef = AA20667222E5919500A30D15 /* PBXContainerItemProxy */;
			sourceTree = BUILT_PRODUCTS_DIR;
		};
/* End PBXReferenceProxy section */

/* Begin PBXResourcesBuildPhase section */
		AAF0364A22BF4C92007D0CE2 /* Resources */ = {
			isa = PBXResourcesBuildPhase;
			buildActionMask = 2147483647;
			files = (
				AA5522E622F7B9E90095EA1F /* queries.graphql in Resources */,
				AAF0365A22BF4C96007D0CE2 /* LaunchScreen.storyboard in Resources */,
				AA5522E422F7B9800095EA1F /* schema.json in Resources */,
				AAF0365722BF4C96007D0CE2 /* Assets.xcassets in Resources */,
				AA5522E322F7B9800095EA1F /* mutations.graphql in Resources */,
				AA62E23822F7A99A003188C1 /* awsconfiguration.json in Resources */,
				AA80542522D9DAE800B47B05 /* sampledb.sql in Resources */,
				AA5522E222F7B9800095EA1F /* subscriptions.graphql in Resources */,
				AA2DCBB422EECC3B00F20D44 /* clubdb.sql in Resources */,
				AAA85DBC22FA8A4B00E12EFA /* schema.graphql in Resources */,
				AAF0365522BF4C92007D0CE2 /* Main.storyboard in Resources */,
			);
			runOnlyForDeploymentPostprocessing = 0;
		};
		AAF0365E22BF4C97007D0CE2 /* Resources */ = {
			isa = PBXResourcesBuildPhase;
			buildActionMask = 2147483647;
			files = (
			);
			runOnlyForDeploymentPostprocessing = 0;
		};
		AAF0366922BF4C97007D0CE2 /* Resources */ = {
			isa = PBXResourcesBuildPhase;
			buildActionMask = 2147483647;
			files = (
			);
			runOnlyForDeploymentPostprocessing = 0;
		};
/* End PBXResourcesBuildPhase section */

/* Begin PBXShellScriptBuildPhase section */
		91542AF8718C5F13163E44AF /* [CP] Check Pods Manifest.lock */ = {
			isa = PBXShellScriptBuildPhase;
			buildActionMask = 2147483647;
			files = (
			);
			inputFileListPaths = (
			);
			inputPaths = (
				"${PODS_PODFILE_DIR_PATH}/Podfile.lock",
				"${PODS_ROOT}/Manifest.lock",
			);
			name = "[CP] Check Pods Manifest.lock";
			outputFileListPaths = (
			);
			outputPaths = (
				"$(DERIVED_FILE_DIR)/Pods-WolverineEvents-checkManifestLockResult.txt",
			);
			runOnlyForDeploymentPostprocessing = 0;
			shellPath = /bin/sh;
			shellScript = "diff \"${PODS_PODFILE_DIR_PATH}/Podfile.lock\" \"${PODS_ROOT}/Manifest.lock\" > /dev/null\nif [ $? != 0 ] ; then\n    # print error to STDERR\n    echo \"error: The sandbox is not in sync with the Podfile.lock. Run 'pod install' or update your CocoaPods installation.\" >&2\n    exit 1\nfi\n# This output is used by Xcode 'outputs' to avoid re-running this script phase.\necho \"SUCCESS\" > \"${SCRIPT_OUTPUT_FILE_0}\"\n";
			showEnvVarsInLog = 0;
		};
		955F051969E6A25716119781 /* [CP] Check Pods Manifest.lock */ = {
			isa = PBXShellScriptBuildPhase;
			buildActionMask = 2147483647;
			files = (
			);
			inputFileListPaths = (
			);
			inputPaths = (
				"${PODS_PODFILE_DIR_PATH}/Podfile.lock",
				"${PODS_ROOT}/Manifest.lock",
			);
			name = "[CP] Check Pods Manifest.lock";
			outputFileListPaths = (
			);
			outputPaths = (
				"$(DERIVED_FILE_DIR)/Pods-WolverineEventsTests-checkManifestLockResult.txt",
			);
			runOnlyForDeploymentPostprocessing = 0;
			shellPath = /bin/sh;
			shellScript = "diff \"${PODS_PODFILE_DIR_PATH}/Podfile.lock\" \"${PODS_ROOT}/Manifest.lock\" > /dev/null\nif [ $? != 0 ] ; then\n    # print error to STDERR\n    echo \"error: The sandbox is not in sync with the Podfile.lock. Run 'pod install' or update your CocoaPods installation.\" >&2\n    exit 1\nfi\n# This output is used by Xcode 'outputs' to avoid re-running this script phase.\necho \"SUCCESS\" > \"${SCRIPT_OUTPUT_FILE_0}\"\n";
			showEnvVarsInLog = 0;
		};
		BFD34FBF66236C5D69DA2498 /* [CP] Embed Pods Frameworks */ = {
			isa = PBXShellScriptBuildPhase;
			buildActionMask = 2147483647;
			files = (
			);
			inputFileListPaths = (
				"${PODS_ROOT}/Target Support Files/Pods-WolverineEvents/Pods-WolverineEvents-frameworks-${CONFIGURATION}-input-files.xcfilelist",
			);
			name = "[CP] Embed Pods Frameworks";
			outputFileListPaths = (
				"${PODS_ROOT}/Target Support Files/Pods-WolverineEvents/Pods-WolverineEvents-frameworks-${CONFIGURATION}-output-files.xcfilelist",
			);
			runOnlyForDeploymentPostprocessing = 0;
			shellPath = /bin/sh;
			shellScript = "\"${PODS_ROOT}/Target Support Files/Pods-WolverineEvents/Pods-WolverineEvents-frameworks.sh\"\n";
			showEnvVarsInLog = 0;
		};
		D37F085C6C80C116C7186BAD /* [CP] Check Pods Manifest.lock */ = {
			isa = PBXShellScriptBuildPhase;
			buildActionMask = 2147483647;
			files = (
			);
			inputFileListPaths = (
			);
			inputPaths = (
				"${PODS_PODFILE_DIR_PATH}/Podfile.lock",
				"${PODS_ROOT}/Manifest.lock",
			);
			name = "[CP] Check Pods Manifest.lock";
			outputFileListPaths = (
			);
			outputPaths = (
				"$(DERIVED_FILE_DIR)/Pods-WolverineEventsUITests-checkManifestLockResult.txt",
			);
			runOnlyForDeploymentPostprocessing = 0;
			shellPath = /bin/sh;
			shellScript = "diff \"${PODS_PODFILE_DIR_PATH}/Podfile.lock\" \"${PODS_ROOT}/Manifest.lock\" > /dev/null\nif [ $? != 0 ] ; then\n    # print error to STDERR\n    echo \"error: The sandbox is not in sync with the Podfile.lock. Run 'pod install' or update your CocoaPods installation.\" >&2\n    exit 1\nfi\n# This output is used by Xcode 'outputs' to avoid re-running this script phase.\necho \"SUCCESS\" > \"${SCRIPT_OUTPUT_FILE_0}\"\n";
			showEnvVarsInLog = 0;
		};
/* End PBXShellScriptBuildPhase section */

/* Begin PBXSourcesBuildPhase section */
		AAF0364822BF4C92007D0CE2 /* Sources */ = {
			isa = PBXSourcesBuildPhase;
			buildActionMask = 2147483647;
			files = (
				AAA4652622E9818A00AC0340 /* MakeAccountViewController.swift in Sources */,
				AAEFEC7022C3377E00344CCB /* LoginViewController.swift in Sources */,
				AAB4475222F2C100001DE39C /* CreateEventViewController.swift in Sources */,
				AAF0365222BF4C92007D0CE2 /* ViewController.swift in Sources */,
				AAF0365022BF4C92007D0CE2 /* AppDelegate.swift in Sources */,
				AAECE6FC22D45620008F98FF /* DBManager.m in Sources */,
				AA62E23A22F7AF22003188C1 /* API.swift in Sources */,
			);
			runOnlyForDeploymentPostprocessing = 0;
		};
		AAF0365C22BF4C97007D0CE2 /* Sources */ = {
			isa = PBXSourcesBuildPhase;
			buildActionMask = 2147483647;
			files = (
				AAF0366522BF4C97007D0CE2 /* WolverineEventsTests.swift in Sources */,
			);
			runOnlyForDeploymentPostprocessing = 0;
		};
		AAF0366722BF4C97007D0CE2 /* Sources */ = {
			isa = PBXSourcesBuildPhase;
			buildActionMask = 2147483647;
			files = (
				AAF0367022BF4C97007D0CE2 /* WolverineEventsUITests.swift in Sources */,
			);
			runOnlyForDeploymentPostprocessing = 0;
		};
/* End PBXSourcesBuildPhase section */

/* Begin PBXTargetDependency section */
		AA20667622E591A300A30D15 /* PBXTargetDependency */ = {
			isa = PBXTargetDependency;
			name = CryptoSwift;
			targetProxy = AA20667522E591A300A30D15 /* PBXContainerItemProxy */;
		};
		AAF0366222BF4C97007D0CE2 /* PBXTargetDependency */ = {
			isa = PBXTargetDependency;
			target = AAF0364B22BF4C92007D0CE2 /* WolverineEvents */;
			targetProxy = AAF0366122BF4C97007D0CE2 /* PBXContainerItemProxy */;
		};
		AAF0366D22BF4C97007D0CE2 /* PBXTargetDependency */ = {
			isa = PBXTargetDependency;
			target = AAF0364B22BF4C92007D0CE2 /* WolverineEvents */;
			targetProxy = AAF0366C22BF4C97007D0CE2 /* PBXContainerItemProxy */;
		};
/* End PBXTargetDependency section */

/* Begin PBXVariantGroup section */
		AAF0365322BF4C92007D0CE2 /* Main.storyboard */ = {
			isa = PBXVariantGroup;
			children = (
				AAF0365422BF4C92007D0CE2 /* Base */,
			);
			name = Main.storyboard;
			sourceTree = "<group>";
		};
		AAF0365822BF4C96007D0CE2 /* LaunchScreen.storyboard */ = {
			isa = PBXVariantGroup;
			children = (
				AAF0365922BF4C96007D0CE2 /* Base */,
			);
			name = LaunchScreen.storyboard;
			sourceTree = "<group>";
		};
/* End PBXVariantGroup section */

/* Begin XCBuildConfiguration section */
		AAF0367222BF4C97007D0CE2 /* Debug */ = {
			isa = XCBuildConfiguration;
			buildSettings = {
				ALWAYS_SEARCH_USER_PATHS = NO;
				CLANG_ANALYZER_NONNULL = YES;
				CLANG_ANALYZER_NUMBER_OBJECT_CONVERSION = YES_AGGRESSIVE;
				CLANG_CXX_LANGUAGE_STANDARD = "gnu++14";
				CLANG_CXX_LIBRARY = "libc++";
				CLANG_ENABLE_MODULES = YES;
				CLANG_ENABLE_OBJC_ARC = YES;
				CLANG_ENABLE_OBJC_WEAK = YES;
				CLANG_WARN_BLOCK_CAPTURE_AUTORELEASING = YES;
				CLANG_WARN_BOOL_CONVERSION = YES;
				CLANG_WARN_COMMA = YES;
				CLANG_WARN_CONSTANT_CONVERSION = YES;
				CLANG_WARN_DEPRECATED_OBJC_IMPLEMENTATIONS = YES;
				CLANG_WARN_DIRECT_OBJC_ISA_USAGE = YES_ERROR;
				CLANG_WARN_DOCUMENTATION_COMMENTS = YES;
				CLANG_WARN_EMPTY_BODY = YES;
				CLANG_WARN_ENUM_CONVERSION = YES;
				CLANG_WARN_INFINITE_RECURSION = YES;
				CLANG_WARN_INT_CONVERSION = YES;
				CLANG_WARN_NON_LITERAL_NULL_CONVERSION = YES;
				CLANG_WARN_OBJC_IMPLICIT_RETAIN_SELF = YES;
				CLANG_WARN_OBJC_LITERAL_CONVERSION = YES;
				CLANG_WARN_OBJC_ROOT_CLASS = YES_ERROR;
				CLANG_WARN_RANGE_LOOP_ANALYSIS = YES;
				CLANG_WARN_STRICT_PROTOTYPES = YES;
				CLANG_WARN_SUSPICIOUS_MOVE = YES;
				CLANG_WARN_UNGUARDED_AVAILABILITY = YES_AGGRESSIVE;
				CLANG_WARN_UNREACHABLE_CODE = YES;
				CLANG_WARN__DUPLICATE_METHOD_MATCH = YES;
				CODE_SIGN_IDENTITY = "iPhone Developer";
				COPY_PHASE_STRIP = NO;
				DEBUG_INFORMATION_FORMAT = dwarf;
				ENABLE_STRICT_OBJC_MSGSEND = YES;
				ENABLE_TESTABILITY = YES;
				GCC_C_LANGUAGE_STANDARD = gnu11;
				GCC_DYNAMIC_NO_PIC = NO;
				GCC_NO_COMMON_BLOCKS = YES;
				GCC_OPTIMIZATION_LEVEL = 0;
				GCC_PREPROCESSOR_DEFINITIONS = (
					"DEBUG=1",
					"$(inherited)",
				);
				GCC_WARN_64_TO_32_BIT_CONVERSION = YES;
				GCC_WARN_ABOUT_RETURN_TYPE = YES_ERROR;
				GCC_WARN_UNDECLARED_SELECTOR = YES;
				GCC_WARN_UNINITIALIZED_AUTOS = YES_AGGRESSIVE;
				GCC_WARN_UNUSED_FUNCTION = YES;
				GCC_WARN_UNUSED_VARIABLE = YES;
				IPHONEOS_DEPLOYMENT_TARGET = 12.2;
				MTL_ENABLE_DEBUG_INFO = INCLUDE_SOURCE;
				MTL_FAST_MATH = YES;
				ONLY_ACTIVE_ARCH = YES;
				SDKROOT = iphoneos;
				SWIFT_ACTIVE_COMPILATION_CONDITIONS = DEBUG;
				SWIFT_OPTIMIZATION_LEVEL = "-Onone";
				SWIFT_VERSION = "";
			};
			name = Debug;
		};
		AAF0367322BF4C97007D0CE2 /* Release */ = {
			isa = XCBuildConfiguration;
			buildSettings = {
				ALWAYS_SEARCH_USER_PATHS = NO;
				CLANG_ANALYZER_NONNULL = YES;
				CLANG_ANALYZER_NUMBER_OBJECT_CONVERSION = YES_AGGRESSIVE;
				CLANG_CXX_LANGUAGE_STANDARD = "gnu++14";
				CLANG_CXX_LIBRARY = "libc++";
				CLANG_ENABLE_MODULES = YES;
				CLANG_ENABLE_OBJC_ARC = YES;
				CLANG_ENABLE_OBJC_WEAK = YES;
				CLANG_WARN_BLOCK_CAPTURE_AUTORELEASING = YES;
				CLANG_WARN_BOOL_CONVERSION = YES;
				CLANG_WARN_COMMA = YES;
				CLANG_WARN_CONSTANT_CONVERSION = YES;
				CLANG_WARN_DEPRECATED_OBJC_IMPLEMENTATIONS = YES;
				CLANG_WARN_DIRECT_OBJC_ISA_USAGE = YES_ERROR;
				CLANG_WARN_DOCUMENTATION_COMMENTS = YES;
				CLANG_WARN_EMPTY_BODY = YES;
				CLANG_WARN_ENUM_CONVERSION = YES;
				CLANG_WARN_INFINITE_RECURSION = YES;
				CLANG_WARN_INT_CONVERSION = YES;
				CLANG_WARN_NON_LITERAL_NULL_CONVERSION = YES;
				CLANG_WARN_OBJC_IMPLICIT_RETAIN_SELF = YES;
				CLANG_WARN_OBJC_LITERAL_CONVERSION = YES;
				CLANG_WARN_OBJC_ROOT_CLASS = YES_ERROR;
				CLANG_WARN_RANGE_LOOP_ANALYSIS = YES;
				CLANG_WARN_STRICT_PROTOTYPES = YES;
				CLANG_WARN_SUSPICIOUS_MOVE = YES;
				CLANG_WARN_UNGUARDED_AVAILABILITY = YES_AGGRESSIVE;
				CLANG_WARN_UNREACHABLE_CODE = YES;
				CLANG_WARN__DUPLICATE_METHOD_MATCH = YES;
				CODE_SIGN_IDENTITY = "iPhone Developer";
				COPY_PHASE_STRIP = NO;
				DEBUG_INFORMATION_FORMAT = "dwarf-with-dsym";
				ENABLE_NS_ASSERTIONS = NO;
				ENABLE_STRICT_OBJC_MSGSEND = YES;
				GCC_C_LANGUAGE_STANDARD = gnu11;
				GCC_NO_COMMON_BLOCKS = YES;
				GCC_WARN_64_TO_32_BIT_CONVERSION = YES;
				GCC_WARN_ABOUT_RETURN_TYPE = YES_ERROR;
				GCC_WARN_UNDECLARED_SELECTOR = YES;
				GCC_WARN_UNINITIALIZED_AUTOS = YES_AGGRESSIVE;
				GCC_WARN_UNUSED_FUNCTION = YES;
				GCC_WARN_UNUSED_VARIABLE = YES;
				IPHONEOS_DEPLOYMENT_TARGET = 12.2;
				MTL_ENABLE_DEBUG_INFO = NO;
				MTL_FAST_MATH = YES;
				SDKROOT = iphoneos;
				SWIFT_COMPILATION_MODE = wholemodule;
				SWIFT_OPTIMIZATION_LEVEL = "-O";
				SWIFT_VERSION = "";
				VALIDATE_PRODUCT = YES;
			};
			name = Release;
		};
		AAF0367522BF4C97007D0CE2 /* Debug */ = {
			isa = XCBuildConfiguration;
			baseConfigurationReference = 8CDBE2D4BA9A822B069D0100 /* Pods-WolverineEvents.debug.xcconfig */;
			buildSettings = {
				ASSETCATALOG_COMPILER_APPICON_NAME = AppIcon;
				CLANG_ENABLE_MODULES = YES;
				CODE_SIGN_STYLE = Automatic;
				INFOPLIST_FILE = WolverineEvents/Info.plist;
				LD_RUNPATH_SEARCH_PATHS = (
					"$(inherited)",
					"@executable_path/Frameworks",
				);
				PRODUCT_BUNDLE_IDENTIFIER = LamaCo.WolverineEvents;
				PRODUCT_NAME = "$(TARGET_NAME)";
				SWIFT_OBJC_BRIDGING_HEADER = "WolverineEvents-Bridging-Header.h";
				SWIFT_OPTIMIZATION_LEVEL = "-Onone";
				SWIFT_VERSION = 5.0;
				TARGETED_DEVICE_FAMILY = "1,2";
			};
			name = Debug;
		};
		AAF0367622BF4C97007D0CE2 /* Release */ = {
			isa = XCBuildConfiguration;
			baseConfigurationReference = 416CE8EF8200AB910CB78618 /* Pods-WolverineEvents.release.xcconfig */;
			buildSettings = {
				ASSETCATALOG_COMPILER_APPICON_NAME = AppIcon;
				CLANG_ENABLE_MODULES = YES;
				CODE_SIGN_STYLE = Automatic;
				INFOPLIST_FILE = WolverineEvents/Info.plist;
				LD_RUNPATH_SEARCH_PATHS = (
					"$(inherited)",
					"@executable_path/Frameworks",
				);
				PRODUCT_BUNDLE_IDENTIFIER = LamaCo.WolverineEvents;
				PRODUCT_NAME = "$(TARGET_NAME)";
				SWIFT_OBJC_BRIDGING_HEADER = "WolverineEvents-Bridging-Header.h";
				SWIFT_VERSION = 5.0;
				TARGETED_DEVICE_FAMILY = "1,2";
			};
			name = Release;
		};
		AAF0367822BF4C97007D0CE2 /* Debug */ = {
			isa = XCBuildConfiguration;
			baseConfigurationReference = C1EBBFC8266A243196B1DA6C /* Pods-WolverineEventsTests.debug.xcconfig */;
			buildSettings = {
				ALWAYS_EMBED_SWIFT_STANDARD_LIBRARIES = YES;
				BUNDLE_LOADER = "$(TEST_HOST)";
				CODE_SIGN_STYLE = Automatic;
				INFOPLIST_FILE = WolverineEventsTests/Info.plist;
				LD_RUNPATH_SEARCH_PATHS = (
					"$(inherited)",
					"@executable_path/Frameworks",
					"@loader_path/Frameworks",
				);
				PRODUCT_BUNDLE_IDENTIFIER = LamaCo.WolverineEventsTests;
				PRODUCT_NAME = "$(TARGET_NAME)";
				SWIFT_VERSION = 5.0;
				TARGETED_DEVICE_FAMILY = "1,2";
				TEST_HOST = "$(BUILT_PRODUCTS_DIR)/WolverineEvents.app/WolverineEvents";
			};
			name = Debug;
		};
		AAF0367922BF4C97007D0CE2 /* Release */ = {
			isa = XCBuildConfiguration;
			baseConfigurationReference = 4B5E10743F6850B83C79646A /* Pods-WolverineEventsTests.release.xcconfig */;
			buildSettings = {
				ALWAYS_EMBED_SWIFT_STANDARD_LIBRARIES = YES;
				BUNDLE_LOADER = "$(TEST_HOST)";
				CODE_SIGN_STYLE = Automatic;
				INFOPLIST_FILE = WolverineEventsTests/Info.plist;
				LD_RUNPATH_SEARCH_PATHS = (
					"$(inherited)",
					"@executable_path/Frameworks",
					"@loader_path/Frameworks",
				);
				PRODUCT_BUNDLE_IDENTIFIER = LamaCo.WolverineEventsTests;
				PRODUCT_NAME = "$(TARGET_NAME)";
				SWIFT_VERSION = 5.0;
				TARGETED_DEVICE_FAMILY = "1,2";
				TEST_HOST = "$(BUILT_PRODUCTS_DIR)/WolverineEvents.app/WolverineEvents";
			};
			name = Release;
		};
		AAF0367B22BF4C97007D0CE2 /* Debug */ = {
			isa = XCBuildConfiguration;
			baseConfigurationReference = 9DF046C94744DB2587103380 /* Pods-WolverineEventsUITests.debug.xcconfig */;
			buildSettings = {
				ALWAYS_EMBED_SWIFT_STANDARD_LIBRARIES = YES;
				CODE_SIGN_STYLE = Automatic;
				INFOPLIST_FILE = WolverineEventsUITests/Info.plist;
				LD_RUNPATH_SEARCH_PATHS = (
					"$(inherited)",
					"@executable_path/Frameworks",
					"@loader_path/Frameworks",
				);
				PRODUCT_BUNDLE_IDENTIFIER = LamaCo.WolverineEventsUITests;
				PRODUCT_NAME = "$(TARGET_NAME)";
				SWIFT_VERSION = 5.0;
				TARGETED_DEVICE_FAMILY = "1,2";
				TEST_TARGET_NAME = WolverineEvents;
			};
			name = Debug;
		};
		AAF0367C22BF4C97007D0CE2 /* Release */ = {
			isa = XCBuildConfiguration;
			baseConfigurationReference = 241B09F3CFC33A1F3F28E0E2 /* Pods-WolverineEventsUITests.release.xcconfig */;
			buildSettings = {
				ALWAYS_EMBED_SWIFT_STANDARD_LIBRARIES = YES;
				CODE_SIGN_STYLE = Automatic;
				INFOPLIST_FILE = WolverineEventsUITests/Info.plist;
				LD_RUNPATH_SEARCH_PATHS = (
					"$(inherited)",
					"@executable_path/Frameworks",
					"@loader_path/Frameworks",
				);
				PRODUCT_BUNDLE_IDENTIFIER = LamaCo.WolverineEventsUITests;
				PRODUCT_NAME = "$(TARGET_NAME)";
				SWIFT_VERSION = 5.0;
				TARGETED_DEVICE_FAMILY = "1,2";
				TEST_TARGET_NAME = WolverineEvents;
			};
			name = Release;
		};
/* End XCBuildConfiguration section */

/* Begin XCConfigurationList section */
		AAF0364722BF4C92007D0CE2 /* Build configuration list for PBXProject "WolverineEvents" */ = {
			isa = XCConfigurationList;
			buildConfigurations = (
				AAF0367222BF4C97007D0CE2 /* Debug */,
				AAF0367322BF4C97007D0CE2 /* Release */,
			);
			defaultConfigurationIsVisible = 0;
			defaultConfigurationName = Release;
		};
		AAF0367422BF4C97007D0CE2 /* Build configuration list for PBXNativeTarget "WolverineEvents" */ = {
			isa = XCConfigurationList;
			buildConfigurations = (
				AAF0367522BF4C97007D0CE2 /* Debug */,
				AAF0367622BF4C97007D0CE2 /* Release */,
			);
			defaultConfigurationIsVisible = 0;
			defaultConfigurationName = Release;
		};
		AAF0367722BF4C97007D0CE2 /* Build configuration list for PBXNativeTarget "WolverineEventsTests" */ = {
			isa = XCConfigurationList;
			buildConfigurations = (
				AAF0367822BF4C97007D0CE2 /* Debug */,
				AAF0367922BF4C97007D0CE2 /* Release */,
			);
			defaultConfigurationIsVisible = 0;
			defaultConfigurationName = Release;
		};
		AAF0367A22BF4C97007D0CE2 /* Build configuration list for PBXNativeTarget "WolverineEventsUITests" */ = {
			isa = XCConfigurationList;
			buildConfigurations = (
				AAF0367B22BF4C97007D0CE2 /* Debug */,
				AAF0367C22BF4C97007D0CE2 /* Release */,
			);
			defaultConfigurationIsVisible = 0;
			defaultConfigurationName = Release;
		};
/* End XCConfigurationList section */
	};
	rootObject = AAF0364422BF4C92007D0CE2 /* Project object */;
}
